
Microsoft Visual Studio Solution File, Format Version 12.00
# Visual Studio Version 17
VisualStudioVersion = 17.8.34330.188
MinimumVisualStudioVersion = 10.0.40219.1
Project("{FAE04EC0-301F-11D3-BF4B-00C04F79EFBC}") = "ÜNİVERSİTE ÖĞRENCİ BİLGİ OTOMASYON", "ÜNİVERSİTE ÖĞRENCİ BİLGİ OTOMASYON\ÜNİVERSİTE ÖĞRENCİ BİLGİ OTOMASYON.csproj", "{7346610E-ADE9-4A0E-BF40-7059401DB4B3}"
EndProject
Global
	GlobalSection(SolutionConfigurationPlatforms) = preSolution
		Debug|Any CPU = Debug|Any CPU
		Release|Any CPU = Release|Any CPU
	EndGlobalSection
	GlobalSection(ProjectConfigurationPlatforms) = postSolution
		{7346610E-ADE9-4A0E-BF40-7059401DB4B3}.Debug|Any CPU.ActiveCfg = Debug|Any CPU
		{7346610E-ADE9-4A0E-BF40-7059401DB4B3}.Debug|Any CPU.Build.0 = Debug|Any CPU
		{7346610E-ADE9-4A0E-BF40-7059401DB4B3}.Release|Any CPU.ActiveCfg = Release|Any CPU
		{7346610E-ADE9-4A0E-BF40-7059401DB4B3}.Release|Any CPU.Build.0 = Release|Any CPU
	EndGlobalSection
	GlobalSection(SolutionProperties) = preSolution
		HideSolutionNode = FALSE
	EndGlobalSection
	GlobalSection(ExtensibilityGlobals) = postSolution
		SolutionGuid = {BB6CCABC-97F8-4336-A2AF-2E606A562CDB}
	EndGlobalSection
EndGlobal
